
Microsoft Visual Studio Solution File, Format Version 12.00
# Visual Studio 2012
Project("{8BC9CEB8-8B4A-11D0-8D11-00A0C91BC942}") = "Action Moba Alpha", "Action Moba Alpha\Action Moba Alpha.vcxproj", "{A2B20E69-5ACD-4BF4-B9B7-218D5F422F33}"
EndProject
Global
	GlobalSection(SolutionConfigurationPlatforms) = preSolution
		Debug|Win32 = Debug|Win32
		Release|Win32 = Release|Win32
	EndGlobalSection
	GlobalSection(ProjectConfigurationPlatforms) = postSolution
		{A2B20E69-5ACD-4BF4-B9B7-218D5F422F33}.Debug|Win32.ActiveCfg = Debug|Win32
		{A2B20E69-5ACD-4BF4-B9B7-218D5F422F33}.Debug|Win32.Build.0 = Debug|Win32
		{A2B20E69-5ACD-4BF4-B9B7-218D5F422F33}.Release|Win32.ActiveCfg = Release|Win32
		{A2B20E69-5ACD-4BF4-B9B7-218D5F422F33}.Release|Win32.Build.0 = Release|Win32
	EndGlobalSection
	GlobalSection(SolutionProperties) = preSolution
		HideSolutionNode = FALSE
	EndGlobalSection
EndGlobal
